<?xml version="1.0" encoding="utf-8"?>
<Project ToolsVersion="4.0" xmlns="http://schemas.microsoft.com/developer/msbuild/2003">
  <ItemGroup>
    <Filter Include="Source Files">
      <UniqueIdentifier>{4FC737F1-C7A5-4376-A066-2A32D752A2FF}</UniqueIdentifier>
      <Extensions>cpp;c;cc;cxx;c++;cppm;ixx;def;odl;idl;hpj;bat;asm;asmx</Extensions>
    </Filter>
    <Filter Include="Header Files">
      <UniqueIdentifier>{93995380-89BD-4b04-88EB-625FBE52EBFB}</UniqueIdentifier>
      <Extensions>h;hh;hpp;hxx;h++;hm;inl;inc;ipp;xsd</Extensions>
    </Filter>
    <Filter Include="Resource Files">
      <UniqueIdentifier>{67DA6AB6-F800-4c08-8B7A-83BB121AAD01}</UniqueIdentifier>
      <Extensions>rc;ico;cur;bmp;dlg;rc2;rct;bin;rgs;gif;jpg;jpeg;jpe;resx;tiff;tif;png;wav;mfcribbon-ms</Extensions>
    </Filter>
  </ItemGroup>
  <ItemGroup>
    <ClInclude Include="RobotDemoo.h">
      <Filter>Header Files</Filter>
    </ClInclude>
    <ClInclude Include="framework.h">
      <Filter>Header Files</Filter>
    </ClInclude>
    <ClInclude Include="targetver.h">
      <Filter>Header Files</Filter>
    </ClInclude>
    <ClInclude Include="MainFrm.h">
      <Filter>Header Files</Filter>
    </ClInclude>
    <ClInclude Include="RobotDemooDoc.h">
      <Filter>Header Files</Filter>
    </ClInclude>
    <ClInclude Include="RobotDemooView.h">
      <Filter>Header Files</Filter>
    </ClInclude>
    <ClInclude Include="Resource.h">
      <Filter>Header Files</Filter>
    </ClInclude>
    <ClInclude Include="pch.h">
      <Filter>Header Files</Filter>
    </ClInclude>
    <ClInclude Include="CDlgGraph1.h">
      <Filter>Header Files</Filter>
    </ClInclude>
    <ClInclude Include="CRobot.h">
      <Filter>Header Files</Filter>
    </ClInclude>
    <ClInclude Include="Transformations.h">
      <Filter>Header Files</Filter>
    </ClInclude>
    <ClInclude Include="CMyOpenGLCtrl.h">
      <Filter>Header Files</Filter>
    </ClInclude>
    <ClInclude Include="STLLoader.h">
      <Filter>Header Files</Filter>
    </ClInclude>
  </ItemGroup>
  <ItemGroup>
    <ClCompile Include="RobotDemoo.cpp">
      <Filter>Source Files</Filter>
    </ClCompile>
    <ClCompile Include="MainFrm.cpp">
      <Filter>Source Files</Filter>
    </ClCompile>
    <ClCompile Include="RobotDemooDoc.cpp">
      <Filter>Source Files</Filter>
    </ClCompile>
    <ClCompile Include="RobotDemooView.cpp">
      <Filter>Source Files</Filter>
    </ClCompile>
    <ClCompile Include="pch.cpp">
      <Filter>Source Files</Filter>
    </ClCompile>
    <ClCompile Include="CDlgGraph1.cpp">
      <Filter>Source Files</Filter>
    </ClCompile>
    <ClCompile Include="CRobot.cpp">
      <Filter>Source Files</Filter>
    </ClCompile>
    <ClCompile Include="Transformations.cpp">
      <Filter>Source Files</Filter>
    </ClCompile>
    <ClCompile Include="CMyOpenGLCtrl.cpp">
      <Filter>Source Files</Filter>
    </ClCompile>
    <ClCompile Include="STLLoader.cpp">
      <Filter>Source Files</Filter>
    </ClCompile>
  </ItemGroup>
  <ItemGroup>
    <None Include="RobotDemoo.reg" />
    <None Include="res\RobotDemoo.rc2">
      <Filter>Resource Files</Filter>
    </None>
    <None Include="FIX_ROBOT_DISPLAY.md" />
    <None Include="FIX_OPENGL_NOT_WORKING.md" />
    <None Include="QUICK_FIX_CHECKLIST.md" />
    <None Include="ANALYSIS_OUTPUT_LOGS.md" />
    <None Include="FINAL_FIX_COMPLETE.md" />
    <None Include="README_FINAL.md" />
    <None Include="FIX_STL_LOADING.md" />
    <None Include="FIX_6_FILES_STL.md" />
    <None Include="FINAL_STLLOADER_COMPLETE.md" />
    <None Include="SCALE_MODEL_5X.md" />
    <None Include="SPIRAL_TRAJECTORY_DESIGN.md" />
    <None Include="SPIRAL_COMPACT_SAFE.md" />
  </ItemGroup>
  <ItemGroup>
    <ResourceCompile Include="RobotDemoo.rc">
      <Filter>Resource Files</Filter>
    </ResourceCompile>
  </ItemGroup>
  <ItemGroup>
    <Image Include="res\RobotDemooDoc.ico">
      <Filter>Resource Files</Filter>
    </Image>
    <Image Include="res\RobotDemoo.ico">
      <Filter>Resource Files</Filter>
    </Image>
    <Image Include="res\Toolbar.bmp">
      <Filter>Resource Files</Filter>
    </Image>
    <Image Include="res\toolbar1.bmp">
      <Filter>Resource Files</Filter>
    </Image>
  </ItemGroup>
</Project>